
Microsoft Visual Studio Solution File, Format Version 12.00
# Visual Studio Version 16
VisualStudioVersion = 16.0.31112.23
MinimumVisualStudioVersion = 10.0.40219.1
Project("{FAE04EC0-301F-11D3-BF4B-00C04F79EFBC}") = "Miel2", "Miel2.csproj", "{53BFE12A-476C-4236-84B8-6E8E3C5AE4D6}"
EndProject
Global
	GlobalSection(SolutionConfigurationPlatforms) = preSolution
		Debug|Any CPU = Debug|Any CPU
		Release|Any CPU = Release|Any CPU
	EndGlobalSection
	GlobalSection(ProjectConfigurationPlatforms) = postSolution
		{53BFE12A-476C-4236-84B8-6E8E3C5AE4D6}.Debug|Any CPU.ActiveCfg = Debug|Any CPU
		{53BFE12A-476C-4236-84B8-6E8E3C5AE4D6}.Debug|Any CPU.Build.0 = Debug|Any CPU
		{53BFE12A-476C-4236-84B8-6E8E3C5AE4D6}.Release|Any CPU.ActiveCfg = Release|Any CPU
		{53BFE12A-476C-4236-84B8-6E8E3C5AE4D6}.Release|Any CPU.Build.0 = Release|Any CPU
	EndGlobalSection
	GlobalSection(SolutionProperties) = preSolution
		HideSolutionNode = FALSE
	EndGlobalSection
	GlobalSection(ExtensibilityGlobals) = postSolution
		SolutionGuid = {878E48E2-A9E4-4D17-AF6A-D81DBC2A8B19}
	EndGlobalSection
EndGlobal
